
Microsoft Visual Studio Solution File, Format Version 12.00
# Visual Studio 15
VisualStudioVersion = 15.0.28307.329
MinimumVisualStudioVersion = 10.0.40219.1
Project("{FAE04EC0-301F-11D3-BF4B-00C04F79EFBC}") = "NQueenusingHillClimbing", "NQueenusingHillClimbing\NQueenusingHillClimbing.csproj", "{F7948E14-754F-4963-A1D4-97CAED014726}"
EndProject
Global
	GlobalSection(SolutionConfigurationPlatforms) = preSolution
		Debug|Any CPU = Debug|Any CPU
		Release|Any CPU = Release|Any CPU
	EndGlobalSection
	GlobalSection(ProjectConfigurationPlatforms) = postSolution
		{F7948E14-754F-4963-A1D4-97CAED014726}.Debug|Any CPU.ActiveCfg = Debug|Any CPU
		{F7948E14-754F-4963-A1D4-97CAED014726}.Debug|Any CPU.Build.0 = Debug|Any CPU
		{F7948E14-754F-4963-A1D4-97CAED014726}.Release|Any CPU.ActiveCfg = Release|Any CPU
		{F7948E14-754F-4963-A1D4-97CAED014726}.Release|Any CPU.Build.0 = Release|Any CPU
	EndGlobalSection
	GlobalSection(SolutionProperties) = preSolution
		HideSolutionNode = FALSE
	EndGlobalSection
	GlobalSection(ExtensibilityGlobals) = postSolution
		SolutionGuid = {E3620F92-C2F0-4DDE-8F43-D8A1741EB563}
	EndGlobalSection
EndGlobal
